
Microsoft Visual Studio Solution File, Format Version 12.00
# Visual Studio Version 17
VisualStudioVersion = 17.10.34928.147
MinimumVisualStudioVersion = 10.0.40219.1
Project("{9A19103F-16F7-4668-BE54-9A1E7A4F7556}") = "Fiap.Api.MonitoramentoAmbiental", "Fiap.Api.MonitoramentoAmbiental.csproj", "{06D05F30-49FB-4944-97A8-7C590B6502D7}"
EndProject
Project("{FAE04EC0-301F-11D3-BF4B-00C04F79EFBC}") = "Fiap.Api.MonitoramentoAmbiental.Test", "..\Fiap.Api.MonitoramentoAmbiental.Test\Fiap.Api.MonitoramentoAmbiental.Test.csproj", "{B4C408D7-21EE-441F-91E3-3C757682E0D7}"
EndProject
Global
	GlobalSection(SolutionConfigurationPlatforms) = preSolution
		Debug|Any CPU = Debug|Any CPU
		Release|Any CPU = Release|Any CPU
	EndGlobalSection
	GlobalSection(ProjectConfigurationPlatforms) = postSolution
		{06D05F30-49FB-4944-97A8-7C590B6502D7}.Debug|Any CPU.ActiveCfg = Debug|Any CPU
		{06D05F30-49FB-4944-97A8-7C590B6502D7}.Debug|Any CPU.Build.0 = Debug|Any CPU
		{06D05F30-49FB-4944-97A8-7C590B6502D7}.Release|Any CPU.ActiveCfg = Release|Any CPU
		{06D05F30-49FB-4944-97A8-7C590B6502D7}.Release|Any CPU.Build.0 = Release|Any CPU
		{B4C408D7-21EE-441F-91E3-3C757682E0D7}.Debug|Any CPU.ActiveCfg = Debug|Any CPU
		{B4C408D7-21EE-441F-91E3-3C757682E0D7}.Debug|Any CPU.Build.0 = Debug|Any CPU
		{B4C408D7-21EE-441F-91E3-3C757682E0D7}.Release|Any CPU.ActiveCfg = Release|Any CPU
		{B4C408D7-21EE-441F-91E3-3C757682E0D7}.Release|Any CPU.Build.0 = Release|Any CPU
	EndGlobalSection
	GlobalSection(SolutionProperties) = preSolution
		HideSolutionNode = FALSE
	EndGlobalSection
	GlobalSection(ExtensibilityGlobals) = postSolution
		SolutionGuid = {98F19F06-497C-4554-814C-2350B106CD7C}
	EndGlobalSection
EndGlobal
